
Microsoft Visual Studio Solution File, Format Version 12.00
# Visual Studio Version 17
VisualStudioVersion = 17.0.32112.339
MinimumVisualStudioVersion = 10.0.40219.1
Project("{9A19103F-16F7-4668-BE54-9A1E7A4F7556}") = "HCF.Web", "HCF.Web\HCF.Web.csproj", "{EDD541CC-97BF-4458-B12C-93DDA958DBD8}"
EndProject
Project("{2150E333-8FDC-42A3-9474-1A3956D46DE8}") = "Modules", "Modules", "{8C396311-46D7-482C-A972-B1FDB46FE879}"
EndProject
Project("{9A19103F-16F7-4668-BE54-9A1E7A4F7556}") = "HCF.Module.News", "Modules\HCF.Module.News\HCF.Module.News.csproj", "{1AA655BA-5029-483A-B729-E0DAC8FE9BFC}"
EndProject
Project("{9A19103F-16F7-4668-BE54-9A1E7A4F7556}") = "HCF.Module.Core", "Modules\HCF.Module.Core\HCF.Module.Core.csproj", "{73269581-A9BA-430B-B47F-4ED8B1958013}"
EndProject
Project("{9A19103F-16F7-4668-BE54-9A1E7A4F7556}") = "HCF.Module.CadViewer", "Modules\HCF.Module.CadViewer\HCF.Module.CadViewer.csproj", "{7C4BA15C-67B3-40D1-9ACA-E18A225EA903}"
EndProject
Project("{2150E333-8FDC-42A3-9474-1A3956D46DE8}") = "Database", "Database", "{D4AC30E3-4C4D-46EF-83C3-531146C810D8}"
EndProject
Project("{00D1A9C2-B5F0-4AF3-8072-F6C62B433612}") = "HCF_HospitalDb", "Database\HCF_HospitalDb\HCF_HospitalDb.sqlproj", "{AFFD6E3B-387F-4461-8D0C-1C8B46184FA7}"
EndProject
Project("{00D1A9C2-B5F0-4AF3-8072-F6C62B433612}") = "HCF_MasterDb", "Database\HCF_MasterDb\HCF_MasterDb.sqlproj", "{F2A5397E-5616-4B51-B9C3-479C304D0238}"
EndProject
Project("{2150E333-8FDC-42A3-9474-1A3956D46DE8}") = "Library", "Library", "{1E33AC70-22A4-4886-A143-ECFFADEF60EB}"
EndProject
Project("{9A19103F-16F7-4668-BE54-9A1E7A4F7556}") = "HCF.BAL", "HCF.BAL\HCF.BAL.csproj", "{D9826348-4F05-44BA-92E2-A91F69156A37}"
EndProject
Project("{2150E333-8FDC-42A3-9474-1A3956D46DE8}") = "Tests", "Tests", "{BC3426E2-B575-4270-BBD6-C1977F7C08B7}"
EndProject
Project("{9A19103F-16F7-4668-BE54-9A1E7A4F7556}") = "HCF.Tests", "Test\HCF.Tests\HCF.Tests.csproj", "{85192EAE-07C0-4F67-8CC9-22239EB48E48}"
EndProject
Project("{9A19103F-16F7-4668-BE54-9A1E7A4F7556}") = "HCF.Module.ModuleTraining", "Modules\HCF.Module.ModuleTraining\HCF.Module.ModuleTraining.csproj", "{020D5A49-C0DE-4D7D-BD7E-F2EEA47D5DDC}"
EndProject
Project("{9A19103F-16F7-4668-BE54-9A1E7A4F7556}") = "HCF.Module.ExternalAuth", "Modules\HCF.Module.ExternalAuth\HCF.Module.ExternalAuth.csproj", "{E15F9736-D43D-4363-B1C0-EE9ADB243FE0}"
EndProject
Project("{9A19103F-16F7-4668-BE54-9A1E7A4F7556}") = "HCF.Infrastructure", "HCF.Infrastructure\HCF.Infrastructure.csproj", "{C4382CE1-9D21-45BB-87ED-882D32872ABB}"
EndProject
Project("{9A19103F-16F7-4668-BE54-9A1E7A4F7556}") = "HCF.BDO", "HCF.BDO\HCF.BDO.csproj", "{88C95410-0206-4A55-8F5E-B286B4C1FCFA}"
EndProject
Project("{9A19103F-16F7-4668-BE54-9A1E7A4F7556}") = "HCF.DAL", "HCF.DAL\HCF.DAL.csproj", "{CD0674B3-BF19-4B13-B4EE-6DC670BBD522}"
EndProject
Project("{9A19103F-16F7-4668-BE54-9A1E7A4F7556}") = "HCF.PDI", "HCF.PDI\HCF.PDI.csproj", "{608B96A5-36A1-49AA-9689-FEBA7C2983F0}"
EndProject
Project("{9A19103F-16F7-4668-BE54-9A1E7A4F7556}") = "HCF.Utility", "HCF.Utility\HCF.Utility.csproj", "{ACA18F81-7656-4F31-927A-54F890703B7E}"
EndProject
Project("{9A19103F-16F7-4668-BE54-9A1E7A4F7556}") = "TMS", "TMS\TMS.csproj", "{C9B27493-CB5F-4DA7-8F0A-17681B053ACD}"
EndProject
Project("{9A19103F-16F7-4668-BE54-9A1E7A4F7556}") = "HCF.Module.Survey", "Modules\HCF.Module.Survey\HCF.Module.Survey.csproj", "{B44E841D-19D2-4760-A18C-5937BDA01C57}"
EndProject
Project("{2150E333-8FDC-42A3-9474-1A3956D46DE8}") = "Solution Items", "Solution Items", "{7D72A8B8-B05E-486C-98E0-27DCCD0951B1}"
	ProjectSection(SolutionItems) = preProject
		.editorconfig = .editorconfig
	EndProjectSection
EndProject
Global
	GlobalSection(SolutionConfigurationPlatforms) = preSolution
		Debug|Any CPU = Debug|Any CPU
		Release|Any CPU = Release|Any CPU
		Staging|Any CPU = Staging|Any CPU
	EndGlobalSection
	GlobalSection(ProjectConfigurationPlatforms) = postSolution
		{EDD541CC-97BF-4458-B12C-93DDA958DBD8}.Debug|Any CPU.ActiveCfg = Debug|Any CPU
		{EDD541CC-97BF-4458-B12C-93DDA958DBD8}.Debug|Any CPU.Build.0 = Debug|Any CPU
		{EDD541CC-97BF-4458-B12C-93DDA958DBD8}.Release|Any CPU.ActiveCfg = Release|Any CPU
		{EDD541CC-97BF-4458-B12C-93DDA958DBD8}.Release|Any CPU.Build.0 = Release|Any CPU
		{EDD541CC-97BF-4458-B12C-93DDA958DBD8}.Staging|Any CPU.ActiveCfg = Debug|Any CPU
		{EDD541CC-97BF-4458-B12C-93DDA958DBD8}.Staging|Any CPU.Build.0 = Debug|Any CPU
		{1AA655BA-5029-483A-B729-E0DAC8FE9BFC}.Debug|Any CPU.ActiveCfg = Debug|Any CPU
		{1AA655BA-5029-483A-B729-E0DAC8FE9BFC}.Debug|Any CPU.Build.0 = Debug|Any CPU
		{1AA655BA-5029-483A-B729-E0DAC8FE9BFC}.Release|Any CPU.ActiveCfg = Release|Any CPU
		{1AA655BA-5029-483A-B729-E0DAC8FE9BFC}.Release|Any CPU.Build.0 = Release|Any CPU
		{1AA655BA-5029-483A-B729-E0DAC8FE9BFC}.Staging|Any CPU.ActiveCfg = Debug|Any CPU
		{1AA655BA-5029-483A-B729-E0DAC8FE9BFC}.Staging|Any CPU.Build.0 = Debug|Any CPU
		{73269581-A9BA-430B-B47F-4ED8B1958013}.Debug|Any CPU.ActiveCfg = Debug|Any CPU
		{73269581-A9BA-430B-B47F-4ED8B1958013}.Debug|Any CPU.Build.0 = Debug|Any CPU
		{73269581-A9BA-430B-B47F-4ED8B1958013}.Release|Any CPU.ActiveCfg = Release|Any CPU
		{73269581-A9BA-430B-B47F-4ED8B1958013}.Release|Any CPU.Build.0 = Release|Any CPU
		{73269581-A9BA-430B-B47F-4ED8B1958013}.Staging|Any CPU.ActiveCfg = Debug|Any CPU
		{73269581-A9BA-430B-B47F-4ED8B1958013}.Staging|Any CPU.Build.0 = Debug|Any CPU
		{7C4BA15C-67B3-40D1-9ACA-E18A225EA903}.Debug|Any CPU.ActiveCfg = Debug|Any CPU
		{7C4BA15C-67B3-40D1-9ACA-E18A225EA903}.Debug|Any CPU.Build.0 = Debug|Any CPU
		{7C4BA15C-67B3-40D1-9ACA-E18A225EA903}.Release|Any CPU.ActiveCfg = Release|Any CPU
		{7C4BA15C-67B3-40D1-9ACA-E18A225EA903}.Release|Any CPU.Build.0 = Release|Any CPU
		{7C4BA15C-67B3-40D1-9ACA-E18A225EA903}.Staging|Any CPU.ActiveCfg = Debug|Any CPU
		{7C4BA15C-67B3-40D1-9ACA-E18A225EA903}.Staging|Any CPU.Build.0 = Debug|Any CPU
		{AFFD6E3B-387F-4461-8D0C-1C8B46184FA7}.Debug|Any CPU.ActiveCfg = Debug|Any CPU
		{AFFD6E3B-387F-4461-8D0C-1C8B46184FA7}.Debug|Any CPU.Deploy.0 = Debug|Any CPU
		{AFFD6E3B-387F-4461-8D0C-1C8B46184FA7}.Release|Any CPU.ActiveCfg = Release|Any CPU
		{AFFD6E3B-387F-4461-8D0C-1C8B46184FA7}.Release|Any CPU.Build.0 = Release|Any CPU
		{AFFD6E3B-387F-4461-8D0C-1C8B46184FA7}.Release|Any CPU.Deploy.0 = Release|Any CPU
		{AFFD6E3B-387F-4461-8D0C-1C8B46184FA7}.Staging|Any CPU.ActiveCfg = Release|Any CPU
		{AFFD6E3B-387F-4461-8D0C-1C8B46184FA7}.Staging|Any CPU.Build.0 = Release|Any CPU
		{AFFD6E3B-387F-4461-8D0C-1C8B46184FA7}.Staging|Any CPU.Deploy.0 = Release|Any CPU
		{F2A5397E-5616-4B51-B9C3-479C304D0238}.Debug|Any CPU.ActiveCfg = Debug|Any CPU
		{F2A5397E-5616-4B51-B9C3-479C304D0238}.Debug|Any CPU.Deploy.0 = Debug|Any CPU
		{F2A5397E-5616-4B51-B9C3-479C304D0238}.Release|Any CPU.ActiveCfg = Release|Any CPU
		{F2A5397E-5616-4B51-B9C3-479C304D0238}.Release|Any CPU.Build.0 = Release|Any CPU
		{F2A5397E-5616-4B51-B9C3-479C304D0238}.Release|Any CPU.Deploy.0 = Release|Any CPU
		{F2A5397E-5616-4B51-B9C3-479C304D0238}.Staging|Any CPU.ActiveCfg = Release|Any CPU
		{F2A5397E-5616-4B51-B9C3-479C304D0238}.Staging|Any CPU.Build.0 = Release|Any CPU
		{F2A5397E-5616-4B51-B9C3-479C304D0238}.Staging|Any CPU.Deploy.0 = Release|Any CPU
		{D9826348-4F05-44BA-92E2-A91F69156A37}.Debug|Any CPU.ActiveCfg = Debug|Any CPU
		{D9826348-4F05-44BA-92E2-A91F69156A37}.Debug|Any CPU.Build.0 = Debug|Any CPU
		{D9826348-4F05-44BA-92E2-A91F69156A37}.Release|Any CPU.ActiveCfg = Release|Any CPU
		{D9826348-4F05-44BA-92E2-A91F69156A37}.Release|Any CPU.Build.0 = Release|Any CPU
		{D9826348-4F05-44BA-92E2-A91F69156A37}.Staging|Any CPU.ActiveCfg = Debug|Any CPU
		{D9826348-4F05-44BA-92E2-A91F69156A37}.Staging|Any CPU.Build.0 = Debug|Any CPU
		{85192EAE-07C0-4F67-8CC9-22239EB48E48}.Debug|Any CPU.ActiveCfg = Debug|Any CPU
		{85192EAE-07C0-4F67-8CC9-22239EB48E48}.Debug|Any CPU.Build.0 = Debug|Any CPU
		{85192EAE-07C0-4F67-8CC9-22239EB48E48}.Release|Any CPU.ActiveCfg = Release|Any CPU
		{85192EAE-07C0-4F67-8CC9-22239EB48E48}.Release|Any CPU.Build.0 = Release|Any CPU
		{85192EAE-07C0-4F67-8CC9-22239EB48E48}.Staging|Any CPU.ActiveCfg = Debug|Any CPU
		{85192EAE-07C0-4F67-8CC9-22239EB48E48}.Staging|Any CPU.Build.0 = Debug|Any CPU
		{020D5A49-C0DE-4D7D-BD7E-F2EEA47D5DDC}.Debug|Any CPU.ActiveCfg = Debug|Any CPU
		{020D5A49-C0DE-4D7D-BD7E-F2EEA47D5DDC}.Debug|Any CPU.Build.0 = Debug|Any CPU
		{020D5A49-C0DE-4D7D-BD7E-F2EEA47D5DDC}.Release|Any CPU.ActiveCfg = Release|Any CPU
		{020D5A49-C0DE-4D7D-BD7E-F2EEA47D5DDC}.Release|Any CPU.Build.0 = Release|Any CPU
		{020D5A49-C0DE-4D7D-BD7E-F2EEA47D5DDC}.Staging|Any CPU.ActiveCfg = Debug|Any CPU
		{020D5A49-C0DE-4D7D-BD7E-F2EEA47D5DDC}.Staging|Any CPU.Build.0 = Debug|Any CPU
		{E15F9736-D43D-4363-B1C0-EE9ADB243FE0}.Debug|Any CPU.ActiveCfg = Debug|Any CPU
		{E15F9736-D43D-4363-B1C0-EE9ADB243FE0}.Debug|Any CPU.Build.0 = Debug|Any CPU
		{E15F9736-D43D-4363-B1C0-EE9ADB243FE0}.Release|Any CPU.ActiveCfg = Release|Any CPU
		{E15F9736-D43D-4363-B1C0-EE9ADB243FE0}.Release|Any CPU.Build.0 = Release|Any CPU
		{E15F9736-D43D-4363-B1C0-EE9ADB243FE0}.Staging|Any CPU.ActiveCfg = Debug|Any CPU
		{E15F9736-D43D-4363-B1C0-EE9ADB243FE0}.Staging|Any CPU.Build.0 = Debug|Any CPU
		{C4382CE1-9D21-45BB-87ED-882D32872ABB}.Debug|Any CPU.ActiveCfg = Debug|Any CPU
		{C4382CE1-9D21-45BB-87ED-882D32872ABB}.Debug|Any CPU.Build.0 = Debug|Any CPU
		{C4382CE1-9D21-45BB-87ED-882D32872ABB}.Release|Any CPU.ActiveCfg = Release|Any CPU
		{C4382CE1-9D21-45BB-87ED-882D32872ABB}.Release|Any CPU.Build.0 = Release|Any CPU
		{C4382CE1-9D21-45BB-87ED-882D32872ABB}.Staging|Any CPU.ActiveCfg = Debug|Any CPU
		{C4382CE1-9D21-45BB-87ED-882D32872ABB}.Staging|Any CPU.Build.0 = Debug|Any CPU
		{88C95410-0206-4A55-8F5E-B286B4C1FCFA}.Debug|Any CPU.ActiveCfg = Debug|Any CPU
		{88C95410-0206-4A55-8F5E-B286B4C1FCFA}.Debug|Any CPU.Build.0 = Debug|Any CPU
		{88C95410-0206-4A55-8F5E-B286B4C1FCFA}.Release|Any CPU.ActiveCfg = Release|Any CPU
		{88C95410-0206-4A55-8F5E-B286B4C1FCFA}.Release|Any CPU.Build.0 = Release|Any CPU
		{88C95410-0206-4A55-8F5E-B286B4C1FCFA}.Staging|Any CPU.ActiveCfg = Debug|Any CPU
		{88C95410-0206-4A55-8F5E-B286B4C1FCFA}.Staging|Any CPU.Build.0 = Debug|Any CPU
		{CD0674B3-BF19-4B13-B4EE-6DC670BBD522}.Debug|Any CPU.ActiveCfg = Debug|Any CPU
		{CD0674B3-BF19-4B13-B4EE-6DC670BBD522}.Debug|Any CPU.Build.0 = Debug|Any CPU
		{CD0674B3-BF19-4B13-B4EE-6DC670BBD522}.Release|Any CPU.ActiveCfg = Release|Any CPU
		{CD0674B3-BF19-4B13-B4EE-6DC670BBD522}.Release|Any CPU.Build.0 = Release|Any CPU
		{CD0674B3-BF19-4B13-B4EE-6DC670BBD522}.Staging|Any CPU.ActiveCfg = Debug|Any CPU
		{CD0674B3-BF19-4B13-B4EE-6DC670BBD522}.Staging|Any CPU.Build.0 = Debug|Any CPU
		{608B96A5-36A1-49AA-9689-FEBA7C2983F0}.Debug|Any CPU.ActiveCfg = Debug|Any CPU
		{608B96A5-36A1-49AA-9689-FEBA7C2983F0}.Debug|Any CPU.Build.0 = Debug|Any CPU
		{608B96A5-36A1-49AA-9689-FEBA7C2983F0}.Release|Any CPU.ActiveCfg = Release|Any CPU
		{608B96A5-36A1-49AA-9689-FEBA7C2983F0}.Release|Any CPU.Build.0 = Release|Any CPU
		{608B96A5-36A1-49AA-9689-FEBA7C2983F0}.Staging|Any CPU.ActiveCfg = Debug|Any CPU
		{608B96A5-36A1-49AA-9689-FEBA7C2983F0}.Staging|Any CPU.Build.0 = Debug|Any CPU
		{ACA18F81-7656-4F31-927A-54F890703B7E}.Debug|Any CPU.ActiveCfg = Debug|Any CPU
		{ACA18F81-7656-4F31-927A-54F890703B7E}.Debug|Any CPU.Build.0 = Debug|Any CPU
		{ACA18F81-7656-4F31-927A-54F890703B7E}.Release|Any CPU.ActiveCfg = Release|Any CPU
		{ACA18F81-7656-4F31-927A-54F890703B7E}.Release|Any CPU.Build.0 = Release|Any CPU
		{ACA18F81-7656-4F31-927A-54F890703B7E}.Staging|Any CPU.ActiveCfg = Debug|Any CPU
		{ACA18F81-7656-4F31-927A-54F890703B7E}.Staging|Any CPU.Build.0 = Debug|Any CPU
		{C9B27493-CB5F-4DA7-8F0A-17681B053ACD}.Debug|Any CPU.ActiveCfg = Debug|Any CPU
		{C9B27493-CB5F-4DA7-8F0A-17681B053ACD}.Debug|Any CPU.Build.0 = Debug|Any CPU
		{C9B27493-CB5F-4DA7-8F0A-17681B053ACD}.Release|Any CPU.ActiveCfg = Release|Any CPU
		{C9B27493-CB5F-4DA7-8F0A-17681B053ACD}.Release|Any CPU.Build.0 = Release|Any CPU
		{C9B27493-CB5F-4DA7-8F0A-17681B053ACD}.Staging|Any CPU.ActiveCfg = Staging|Any CPU
		{C9B27493-CB5F-4DA7-8F0A-17681B053ACD}.Staging|Any CPU.Build.0 = Staging|Any CPU
		{B44E841D-19D2-4760-A18C-5937BDA01C57}.Debug|Any CPU.ActiveCfg = Debug|Any CPU
		{B44E841D-19D2-4760-A18C-5937BDA01C57}.Debug|Any CPU.Build.0 = Debug|Any CPU
		{B44E841D-19D2-4760-A18C-5937BDA01C57}.Release|Any CPU.ActiveCfg = Release|Any CPU
		{B44E841D-19D2-4760-A18C-5937BDA01C57}.Release|Any CPU.Build.0 = Release|Any CPU
		{B44E841D-19D2-4760-A18C-5937BDA01C57}.Staging|Any CPU.ActiveCfg = Debug|Any CPU
		{B44E841D-19D2-4760-A18C-5937BDA01C57}.Staging|Any CPU.Build.0 = Debug|Any CPU
	EndGlobalSection
	GlobalSection(SolutionProperties) = preSolution
		HideSolutionNode = FALSE
	EndGlobalSection
	GlobalSection(NestedProjects) = preSolution
		{1AA655BA-5029-483A-B729-E0DAC8FE9BFC} = {8C396311-46D7-482C-A972-B1FDB46FE879}
		{73269581-A9BA-430B-B47F-4ED8B1958013} = {8C396311-46D7-482C-A972-B1FDB46FE879}
		{7C4BA15C-67B3-40D1-9ACA-E18A225EA903} = {8C396311-46D7-482C-A972-B1FDB46FE879}
		{AFFD6E3B-387F-4461-8D0C-1C8B46184FA7} = {D4AC30E3-4C4D-46EF-83C3-531146C810D8}
		{F2A5397E-5616-4B51-B9C3-479C304D0238} = {D4AC30E3-4C4D-46EF-83C3-531146C810D8}
		{D9826348-4F05-44BA-92E2-A91F69156A37} = {1E33AC70-22A4-4886-A143-ECFFADEF60EB}
		{85192EAE-07C0-4F67-8CC9-22239EB48E48} = {BC3426E2-B575-4270-BBD6-C1977F7C08B7}
		{020D5A49-C0DE-4D7D-BD7E-F2EEA47D5DDC} = {8C396311-46D7-482C-A972-B1FDB46FE879}
		{E15F9736-D43D-4363-B1C0-EE9ADB243FE0} = {8C396311-46D7-482C-A972-B1FDB46FE879}
		{88C95410-0206-4A55-8F5E-B286B4C1FCFA} = {1E33AC70-22A4-4886-A143-ECFFADEF60EB}
		{CD0674B3-BF19-4B13-B4EE-6DC670BBD522} = {1E33AC70-22A4-4886-A143-ECFFADEF60EB}
		{608B96A5-36A1-49AA-9689-FEBA7C2983F0} = {1E33AC70-22A4-4886-A143-ECFFADEF60EB}
		{ACA18F81-7656-4F31-927A-54F890703B7E} = {1E33AC70-22A4-4886-A143-ECFFADEF60EB}
		{C9B27493-CB5F-4DA7-8F0A-17681B053ACD} = {1E33AC70-22A4-4886-A143-ECFFADEF60EB}
		{B44E841D-19D2-4760-A18C-5937BDA01C57} = {8C396311-46D7-482C-A972-B1FDB46FE879}
	EndGlobalSection
	GlobalSection(ExtensibilityGlobals) = postSolution
		SolutionGuid = {C62E9BB7-543F-4EEC-8B1C-9A94AE9B18DA}
	EndGlobalSection
EndGlobal
